[[package]]
name = "asgiref"
version = "3.3.1"
description = "ASGI specs, helper code, and adapters"
category = "main"
optional = false
python-versions = ">=3.5"

[package.extras]
tests = ["pytest", "pytest-asyncio"]

[[package]]
name = "django"
version = "3.1.4"
description = "A high-level Python Web framework that encourages rapid development and clean, pragmatic design."
category = "main"
optional = false
python-versions = ">=3.6"

[package.dependencies]
asgiref = ">=3.2.10,<4"
pytz = "*"
sqlparse = ">=0.2.2"

[package.extras]
argon2 = ["argon2-cffi (>=16.1.0)"]
bcrypt = ["bcrypt"]

[[package]]
name = "django-constance"
version = "2.8.0"
description = "Django live settings with pluggable backends, including Redis."
category = "main"
optional = false
python-versions = ">=3.6"

[package.extras]
database = ["django-picklefield"]
redis = ["redis"]

[[package]]
name = "django-picklefield"
version = "3.0.1"
description = "Pickled object field for Django"
category = "dev"
optional = false
python-versions = ">=3"

[package.dependencies]
Django = ">=2.2"

[package.extras]
tests = ["tox"]

[[package]]
name = "python-memcached"
version = "1.59"
description = "Pure python memcached client"
category = "dev"
optional = false
python-versions = "*"

[package.dependencies]
six = ">=1.4.0"

[[package]]
name = "pytz"
version = "2020.5"
description = "World timezone definitions, modern and historical"
category = "main"
optional = false
python-versions = "*"

[[package]]
name = "redis"
version = "3.5.3"
description = "Python client for Redis key-value store"
category = "dev"
optional = false
python-versions = ">=2.7, !=3.0.*, !=3.1.*, !=3.2.*, !=3.3.*, !=3.4.*"

[package.extras]
hiredis = ["hiredis (>=0.1.3)"]

[[package]]
name = "six"
version = "1.15.0"
description = "Python 2 and 3 compatibility utilities"
category = "dev"
optional = false
python-versions = ">=2.7, !=3.0.*, !=3.1.*, !=3.2.*"

[[package]]
name = "sqlparse"
version = "0.4.1"
description = "A non-validating SQL parser."
category = "main"
optional = false
python-versions = ">=3.5"

[metadata]
lock-version = "1.1"
python-versions = ">=3.6"
content-hash = "57153fba79af991f54e11e2cb01a2adf5592ccd413e91b9a91895ce254499629"

[metadata.files]
asgiref = [
    {file = "asgiref-3.3.1-py3-none-any.whl", hash = "sha256:5ee950735509d04eb673bd7f7120f8fa1c9e2df495394992c73234d526907e17"},
    {file = "asgiref-3.3.1.tar.gz", hash = "sha256:7162a3cb30ab0609f1a4c95938fd73e8604f63bdba516a7f7d64b83ff09478f0"},
]
django = [
    {file = "Django-3.1.4-py3-none-any.whl", hash = "sha256:5c866205f15e7a7123f1eec6ab939d22d5bde1416635cab259684af66d8e48a2"},
    {file = "Django-3.1.4.tar.gz", hash = "sha256:edb10b5c45e7e9c0fb1dc00b76ec7449aca258a39ffd613dbd078c51d19c9f03"},
]
django-constance = [
    {file = "django-constance-2.8.0.tar.gz", hash = "sha256:0a492454acc78799ce7b9f7a28a00c53427d513f34f8bf6fdc90a46d8864b2af"},
    {file = "django_constance-2.8.0-py3-none-any.whl", hash = "sha256:60fec73e397d5f4f7440f611b18d3e7ce5342647f316fedc47b62e1411c849e7"},
]
django-picklefield = [
    {file = "django-picklefield-3.0.1.tar.gz", hash = "sha256:15ccba592ca953b9edf9532e64640329cd47b136b7f8f10f2939caa5f9ce4287"},
    {file = "django_picklefield-3.0.1-py3-none-any.whl", hash = "sha256:3c702a54fde2d322fe5b2f39b8f78d9f655b8f77944ab26f703be6c0ed335a35"},
]
python-memcached = [
    {file = "python-memcached-1.59.tar.gz", hash = "sha256:a2e28637be13ee0bf1a8b6843e7490f9456fd3f2a4cb60471733c7b5d5557e4f"},
    {file = "python_memcached-1.59-py2.py3-none-any.whl", hash = "sha256:4dac64916871bd3550263323fc2ce18e1e439080a2d5670c594cf3118d99b594"},
]
pytz = [
    {file = "pytz-2020.5-py2.py3-none-any.whl", hash = "sha256:16962c5fb8db4a8f63a26646d8886e9d769b6c511543557bc84e9569fb9a9cb4"},
    {file = "pytz-2020.5.tar.gz", hash = "sha256:180befebb1927b16f6b57101720075a984c019ac16b1b7575673bea42c6c3da5"},
]
redis = [
    {file = "redis-3.5.3-py2.py3-none-any.whl", hash = "sha256:432b788c4530cfe16d8d943a09d40ca6c16149727e4afe8c2c9d5580c59d9f24"},
    {file = "redis-3.5.3.tar.gz", hash = "sha256:0e7e0cfca8660dea8b7d5cd8c4f6c5e29e11f31158c0b0ae91a397f00e5a05a2"},
]
six = [
    {file = "six-1.15.0-py2.py3-none-any.whl", hash = "sha256:8b74bedcbbbaca38ff6d7491d76f2b06b3592611af620f8426e82dddb04a5ced"},
    {file = "six-1.15.0.tar.gz", hash = "sha256:30639c035cdb23534cd4aa2dd52c3bf48f06e5f4a941509c8bafd8ce11080259"},
]
sqlparse = [
    {file = "sqlparse-0.4.1-py3-none-any.whl", hash = "sha256:017cde379adbd6a1f15a61873f43e8274179378e95ef3fede90b5aa64d304ed0"},
    {file = "sqlparse-0.4.1.tar.gz", hash = "sha256:0f91fd2e829c44362cbcfab3e9ae12e22badaa8a29ad5ff599f9ec109f0454e8"},
]
